// !$*UTF8*$!
{
	archiveVersion = 1;
	classes = {
	};
	objectVersion = 50;
	objects = {

/* Begin PBXBuildFile section */
		DA9682AF2375AF0300A03A3C /* AppDelegate.swift in Sources */ = {isa = PBXBuildFile; fileRef = DA9682AE2375AF0300A03A3C /* AppDelegate.swift */; };
		DA9682B12375AF0300A03A3C /* ContentView.swift in Sources */ = {isa = PBXBuildFile; fileRef = DA9682B02375AF0300A03A3C /* ContentView.swift */; };
		DA9682B42375AF0300A03A3C /* StartseNewsClassifier4Mac.xcdatamodeld in Sources */ = {isa = PBXBuildFile; fileRef = DA9682B22375AF0300A03A3C /* StartseNewsClassifier4Mac.xcdatamodeld */; };
		DA9682B62375AF0400A03A3C /* Assets.xcassets in Resources */ = {isa = PBXBuildFile; fileRef = DA9682B52375AF0400A03A3C /* Assets.xcassets */; };
		DA9682B92375AF0400A03A3C /* Preview Assets.xcassets in Resources */ = {isa = PBXBuildFile; fileRef = DA9682B82375AF0400A03A3C /* Preview Assets.xcassets */; };
		DA9682BC2375AF0400A03A3C /* Main.storyboard in Resources */ = {isa = PBXBuildFile; fileRef = DA9682BA2375AF0400A03A3C /* Main.storyboard */; };
		DA9682C82375AF0400A03A3C /* StartseNewsClassifier4MacTests.swift in Sources */ = {isa = PBXBuildFile; fileRef = DA9682C72375AF0400A03A3C /* StartseNewsClassifier4MacTests.swift */; };
		DA9682D32375AF0400A03A3C /* StartseNewsClassifier4MacUITests.swift in Sources */ = {isa = PBXBuildFile; fileRef = DA9682D22375AF0400A03A3C /* StartseNewsClassifier4MacUITests.swift */; };
		DA9682E42375B0CB00A03A3C /* NewsModel.swift in Sources */ = {isa = PBXBuildFile; fileRef = DA9682E32375B0CB00A03A3C /* NewsModel.swift */; };
		DA9682E62375B0D600A03A3C /* SentenceModel.swift in Sources */ = {isa = PBXBuildFile; fileRef = DA9682E52375B0D600A03A3C /* SentenceModel.swift */; };
		DA9682EA2375B15300A03A3C /* SentenceViewModel.swift in Sources */ = {isa = PBXBuildFile; fileRef = DA9682E92375B15300A03A3C /* SentenceViewModel.swift */; };
		DA9682ED2375B66F00A03A3C /* CloudKit.framework in Frameworks */ = {isa = PBXBuildFile; fileRef = DA9682E12375AF1D00A03A3C /* CloudKit.framework */; };
		DAAEFF612376BAE8001A5F03 /* NewsForClassificationView.swift in Sources */ = {isa = PBXBuildFile; fileRef = DAAEFF602376BAE8001A5F03 /* NewsForClassificationView.swift */; };
		DAAEFF632376BBC7001A5F03 /* ConsolidationViewModel.swift in Sources */ = {isa = PBXBuildFile; fileRef = DAAEFF622376BBC7001A5F03 /* ConsolidationViewModel.swift */; };
		DAAEFF652376BBFF001A5F03 /* ConsolidationView.swift in Sources */ = {isa = PBXBuildFile; fileRef = DAAEFF642376BBFF001A5F03 /* ConsolidationView.swift */; };
		DAAEFF6723778322001A5F03 /* OpeningView.swift in Sources */ = {isa = PBXBuildFile; fileRef = DAAEFF6623778322001A5F03 /* OpeningView.swift */; };
/* End PBXBuildFile section */

/* Begin PBXContainerItemProxy section */
		DA9682C42375AF0400A03A3C /* PBXContainerItemProxy */ = {
			isa = PBXContainerItemProxy;
			containerPortal = DA9682A32375AF0300A03A3C /* Project object */;
			proxyType = 1;
			remoteGlobalIDString = DA9682AA2375AF0300A03A3C;
			remoteInfo = StartseNewsClassifier4Mac;
		};
		DA9682CF2375AF0400A03A3C /* PBXContainerItemProxy */ = {
			isa = PBXContainerItemProxy;
			containerPortal = DA9682A32375AF0300A03A3C /* Project object */;
			proxyType = 1;
			remoteGlobalIDString = DA9682AA2375AF0300A03A3C;
			remoteInfo = StartseNewsClassifier4Mac;
		};
/* End PBXContainerItemProxy section */

/* Begin PBXFileReference section */
		DA9682AB2375AF0300A03A3C /* StartseNewsClassifier4Mac.app */ = {isa = PBXFileReference; explicitFileType = wrapper.application; includeInIndex = 0; path = StartseNewsClassifier4Mac.app; sourceTree = BUILT_PRODUCTS_DIR; };
		DA9682AE2375AF0300A03A3C /* AppDelegate.swift */ = {isa = PBXFileReference; lastKnownFileType = sourcecode.swift; path = AppDelegate.swift; sourceTree = "<group>"; };
		DA9682B02375AF0300A03A3C /* ContentView.swift */ = {isa = PBXFileReference; lastKnownFileType = sourcecode.swift; path = ContentView.swift; sourceTree = "<group>"; };
		DA9682B32375AF0300A03A3C /* StartseNewsClassifier4Mac.xcdatamodel */ = {isa = PBXFileReference; lastKnownFileType = wrapper.xcdatamodel; path = StartseNewsClassifier4Mac.xcdatamodel; sourceTree = "<group>"; };
		DA9682B52375AF0400A03A3C /* Assets.xcassets */ = {isa = PBXFileReference; lastKnownFileType = folder.assetcatalog; path = Assets.xcassets; sourceTree = "<group>"; };
		DA9682B82375AF0400A03A3C /* Preview Assets.xcassets */ = {isa = PBXFileReference; lastKnownFileType = folder.assetcatalog; path = "Preview Assets.xcassets"; sourceTree = "<group>"; };
		DA9682BB2375AF0400A03A3C /* Base */ = {isa = PBXFileReference; lastKnownFileType = file.storyboard; name = Base; path = Base.lproj/Main.storyboard; sourceTree = "<group>"; };
		DA9682BD2375AF0400A03A3C /* Info.plist */ = {isa = PBXFileReference; lastKnownFileType = text.plist.xml; path = Info.plist; sourceTree = "<group>"; };
		DA9682BE2375AF0400A03A3C /* StartseNewsClassifier4Mac.entitlements */ = {isa = PBXFileReference; lastKnownFileType = text.plist.entitlements; path = StartseNewsClassifier4Mac.entitlements; sourceTree = "<group>"; };
		DA9682C32375AF0400A03A3C /* StartseNewsClassifier4MacTests.xctest */ = {isa = PBXFileReference; explicitFileType = wrapper.cfbundle; includeInIndex = 0; path = StartseNewsClassifier4MacTests.xctest; sourceTree = BUILT_PRODUCTS_DIR; };
		DA9682C72375AF0400A03A3C /* StartseNewsClassifier4MacTests.swift */ = {isa = PBXFileReference; lastKnownFileType = sourcecode.swift; path = StartseNewsClassifier4MacTests.swift; sourceTree = "<group>"; };
		DA9682C92375AF0400A03A3C /* Info.plist */ = {isa = PBXFileReference; lastKnownFileType = text.plist.xml; path = Info.plist; sourceTree = "<group>"; };
		DA9682CE2375AF0400A03A3C /* StartseNewsClassifier4MacUITests.xctest */ = {isa = PBXFileReference; explicitFileType = wrapper.cfbundle; includeInIndex = 0; path = StartseNewsClassifier4MacUITests.xctest; sourceTree = BUILT_PRODUCTS_DIR; };
		DA9682D22375AF0400A03A3C /* StartseNewsClassifier4MacUITests.swift */ = {isa = PBXFileReference; lastKnownFileType = sourcecode.swift; path = StartseNewsClassifier4MacUITests.swift; sourceTree = "<group>"; };
		DA9682D42375AF0400A03A3C /* Info.plist */ = {isa = PBXFileReference; lastKnownFileType = text.plist.xml; path = Info.plist; sourceTree = "<group>"; };
		DA9682E12375AF1D00A03A3C /* CloudKit.framework */ = {isa = PBXFileReference; lastKnownFileType = wrapper.framework; name = CloudKit.framework; path = System/Library/Frameworks/CloudKit.framework; sourceTree = SDKROOT; };
		DA9682E32375B0CB00A03A3C /* NewsModel.swift */ = {isa = PBXFileReference; fileEncoding = 4; lastKnownFileType = sourcecode.swift; path = NewsModel.swift; sourceTree = "<group>"; };
		DA9682E52375B0D600A03A3C /* SentenceModel.swift */ = {isa = PBXFileReference; fileEncoding = 4; lastKnownFileType = sourcecode.swift; path = SentenceModel.swift; sourceTree = "<group>"; };
		DA9682E92375B15300A03A3C /* SentenceViewModel.swift */ = {isa = PBXFileReference; fileEncoding = 4; lastKnownFileType = sourcecode.swift; path = SentenceViewModel.swift; sourceTree = "<group>"; };
		DAAEFF602376BAE8001A5F03 /* NewsForClassificationView.swift */ = {isa = PBXFileReference; lastKnownFileType = sourcecode.swift; name = NewsForClassificationView.swift; path = StartseNewsClassifier4Mac/NewsForClassificationView.swift; sourceTree = SOURCE_ROOT; };
		DAAEFF622376BBC7001A5F03 /* ConsolidationViewModel.swift */ = {isa = PBXFileReference; fileEncoding = 4; lastKnownFileType = sourcecode.swift; path = ConsolidationViewModel.swift; sourceTree = "<group>"; };
		DAAEFF642376BBFF001A5F03 /* ConsolidationView.swift */ = {isa = PBXFileReference; fileEncoding = 4; lastKnownFileType = sourcecode.swift; path = ConsolidationView.swift; sourceTree = "<group>"; };
		DAAEFF6623778322001A5F03 /* OpeningView.swift */ = {isa = PBXFileReference; lastKnownFileType = sourcecode.swift; name = OpeningView.swift; path = ../../../StartseNewsClassifier/StartseNewsClassifier/Views/OpeningView.swift; sourceTree = "<group>"; };
/* End PBXFileReference section */

/* Begin PBXFrameworksBuildPhase section */
		DA9682A82375AF0300A03A3C /* Frameworks */ = {
			isa = PBXFrameworksBuildPhase;
			buildActionMask = 2147483647;
			files = (
				DA9682ED2375B66F00A03A3C /* CloudKit.framework in Frameworks */,
			);
			runOnlyForDeploymentPostprocessing = 0;
		};
		DA9682C02375AF0400A03A3C /* Frameworks */ = {
			isa = PBXFrameworksBuildPhase;
			buildActionMask = 2147483647;
			files = (
			);
			runOnlyForDeploymentPostprocessing = 0;
		};
		DA9682CB2375AF0400A03A3C /* Frameworks */ = {
			isa = PBXFrameworksBuildPhase;
			buildActionMask = 2147483647;
			files = (
			);
			runOnlyForDeploymentPostprocessing = 0;
		};
/* End PBXFrameworksBuildPhase section */

/* Begin PBXGroup section */
		DA9682A22375AF0300A03A3C = {
			isa = PBXGroup;
			children = (
				DA9682AD2375AF0300A03A3C /* StartseNewsClassifier4Mac */,
				DA9682C62375AF0400A03A3C /* StartseNewsClassifier4MacTests */,
				DA9682D12375AF0400A03A3C /* StartseNewsClassifier4MacUITests */,
				DA9682AC2375AF0300A03A3C /* Products */,
				DA9682E02375AF1D00A03A3C /* Frameworks */,
			);
			sourceTree = "<group>";
		};
		DA9682AC2375AF0300A03A3C /* Products */ = {
			isa = PBXGroup;
			children = (
				DA9682AB2375AF0300A03A3C /* StartseNewsClassifier4Mac.app */,
				DA9682C32375AF0400A03A3C /* StartseNewsClassifier4MacTests.xctest */,
				DA9682CE2375AF0400A03A3C /* StartseNewsClassifier4MacUITests.xctest */,
			);
			name = Products;
			sourceTree = "<group>";
		};
		DA9682AD2375AF0300A03A3C /* StartseNewsClassifier4Mac */ = {
			isa = PBXGroup;
			children = (
				DA9682AE2375AF0300A03A3C /* AppDelegate.swift */,
				DA9682B52375AF0400A03A3C /* Assets.xcassets */,
				DA9682BA2375AF0400A03A3C /* Main.storyboard */,
				DA9682BD2375AF0400A03A3C /* Info.plist */,
				DA9682BE2375AF0400A03A3C /* StartseNewsClassifier4Mac.entitlements */,
				DA9682B22375AF0300A03A3C /* StartseNewsClassifier4Mac.xcdatamodeld */,
				DA9682E32375B0CB00A03A3C /* NewsModel.swift */,
				DA9682E52375B0D600A03A3C /* SentenceModel.swift */,
				DA9682E92375B15300A03A3C /* SentenceViewModel.swift */,
				DAAEFF622376BBC7001A5F03 /* ConsolidationViewModel.swift */,
				DAAEFF642376BBFF001A5F03 /* ConsolidationView.swift */,
				DAAEFF5F2376BA88001A5F03 /* Views */,
				DA9682B72375AF0400A03A3C /* Preview Content */,
			);
			path = StartseNewsClassifier4Mac;
			sourceTree = "<group>";
		};
		DA9682B72375AF0400A03A3C /* Preview Content */ = {
			isa = PBXGroup;
			children = (
				DA9682B82375AF0400A03A3C /* Preview Assets.xcassets */,
			);
			path = "Preview Content";
			sourceTree = "<group>";
		};
		DA9682C62375AF0400A03A3C /* StartseNewsClassifier4MacTests */ = {
			isa = PBXGroup;
			children = (
				DA9682C72375AF0400A03A3C /* StartseNewsClassifier4MacTests.swift */,
				DA9682C92375AF0400A03A3C /* Info.plist */,
			);
			path = StartseNewsClassifier4MacTests;
			sourceTree = "<group>";
		};
		DA9682D12375AF0400A03A3C /* StartseNewsClassifier4MacUITests */ = {
			isa = PBXGroup;
			children = (
				DA9682D22375AF0400A03A3C /* StartseNewsClassifier4MacUITests.swift */,
				DA9682D42375AF0400A03A3C /* Info.plist */,
			);
			path = StartseNewsClassifier4MacUITests;
			sourceTree = "<group>";
		};
		DA9682E02375AF1D00A03A3C /* Frameworks */ = {
			isa = PBXGroup;
			children = (
				DA9682E12375AF1D00A03A3C /* CloudKit.framework */,
			);
			name = Frameworks;
			sourceTree = "<group>";
		};
		DAAEFF5F2376BA88001A5F03 /* Views */ = {
			isa = PBXGroup;
			children = (
				DA9682B02375AF0300A03A3C /* ContentView.swift */,
				DAAEFF602376BAE8001A5F03 /* NewsForClassificationView.swift */,
				DAAEFF6623778322001A5F03 /* OpeningView.swift */,
			);
			path = Views;
			sourceTree = "<group>";
		};
/* End PBXGroup section */

/* Begin PBXNativeTarget section */
		DA9682AA2375AF0300A03A3C /* StartseNewsClassifier4Mac */ = {
			isa = PBXNativeTarget;
			buildConfigurationList = DA9682D72375AF0400A03A3C /* Build configuration list for PBXNativeTarget "StartseNewsClassifier4Mac" */;
			buildPhases = (
				DA9682A72375AF0300A03A3C /* Sources */,
				DA9682A82375AF0300A03A3C /* Frameworks */,
				DA9682A92375AF0300A03A3C /* Resources */,
			);
			buildRules = (
			);
			dependencies = (
			);
			name = StartseNewsClassifier4Mac;
			productName = StartseNewsClassifier4Mac;
			productReference = DA9682AB2375AF0300A03A3C /* StartseNewsClassifier4Mac.app */;
			productType = "com.apple.product-type.application";
		};
		DA9682C22375AF0400A03A3C /* StartseNewsClassifier4MacTests */ = {
			isa = PBXNativeTarget;
			buildConfigurationList = DA9682DA2375AF0400A03A3C /* Build configuration list for PBXNativeTarget "StartseNewsClassifier4MacTests" */;
			buildPhases = (
				DA9682BF2375AF0400A03A3C /* Sources */,
				DA9682C02375AF0400A03A3C /* Frameworks */,
				DA9682C12375AF0400A03A3C /* Resources */,
			);
			buildRules = (
			);
			dependencies = (
				DA9682C52375AF0400A03A3C /* PBXTargetDependency */,
			);
			name = StartseNewsClassifier4MacTests;
			productName = StartseNewsClassifier4MacTests;
			productReference = DA9682C32375AF0400A03A3C /* StartseNewsClassifier4MacTests.xctest */;
			productType = "com.apple.product-type.bundle.unit-test";
		};
		DA9682CD2375AF0400A03A3C /* StartseNewsClassifier4MacUITests */ = {
			isa = PBXNativeTarget;
			buildConfigurationList = DA9682DD2375AF0400A03A3C /* Build configuration list for PBXNativeTarget "StartseNewsClassifier4MacUITests" */;
			buildPhases = (
				DA9682CA2375AF0400A03A3C /* Sources */,
				DA9682CB2375AF0400A03A3C /* Frameworks */,
				DA9682CC2375AF0400A03A3C /* Resources */,
			);
			buildRules = (
			);
			dependencies = (
				DA9682D02375AF0400A03A3C /* PBXTargetDependency */,
			);
			name = StartseNewsClassifier4MacUITests;
			productName = StartseNewsClassifier4MacUITests;
			productReference = DA9682CE2375AF0400A03A3C /* StartseNewsClassifier4MacUITests.xctest */;
			productType = "com.apple.product-type.bundle.ui-testing";
		};
/* End PBXNativeTarget section */

/* Begin PBXProject section */
		DA9682A32375AF0300A03A3C /* Project object */ = {
			isa = PBXProject;
			attributes = {
				LastSwiftUpdateCheck = 1110;
				LastUpgradeCheck = 1110;
				ORGANIZATIONNAME = "Cristiano Araújo";
				TargetAttributes = {
					DA9682AA2375AF0300A03A3C = {
						CreatedOnToolsVersion = 11.1;
					};
					DA9682C22375AF0400A03A3C = {
						CreatedOnToolsVersion = 11.1;
						TestTargetID = DA9682AA2375AF0300A03A3C;
					};
					DA9682CD2375AF0400A03A3C = {
						CreatedOnToolsVersion = 11.1;
						TestTargetID = DA9682AA2375AF0300A03A3C;
					};
				};
			};
			buildConfigurationList = DA9682A62375AF0300A03A3C /* Build configuration list for PBXProject "StartseNewsClassifier4Mac" */;
			compatibilityVersion = "Xcode 9.3";
			developmentRegion = en;
			hasScannedForEncodings = 0;
			knownRegions = (
				en,
				Base,
			);
			mainGroup = DA9682A22375AF0300A03A3C;
			productRefGroup = DA9682AC2375AF0300A03A3C /* Products */;
			projectDirPath = "";
			projectRoot = "";
			targets = (
				DA9682AA2375AF0300A03A3C /* StartseNewsClassifier4Mac */,
				DA9682C22375AF0400A03A3C /* StartseNewsClassifier4MacTests */,
				DA9682CD2375AF0400A03A3C /* StartseNewsClassifier4MacUITests */,
			);
		};
/* End PBXProject section */

/* Begin PBXResourcesBuildPhase section */
		DA9682A92375AF0300A03A3C /* Resources */ = {
			isa = PBXResourcesBuildPhase;
			buildActionMask = 2147483647;
			files = (
				DA9682BC2375AF0400A03A3C /* Main.storyboard in Resources */,
				DA9682B92375AF0400A03A3C /* Preview Assets.xcassets in Resources */,
				DA9682B62375AF0400A03A3C /* Assets.xcassets in Resources */,
			);
			runOnlyForDeploymentPostprocessing = 0;
		};
		DA9682C12375AF0400A03A3C /* Resources */ = {
			isa = PBXResourcesBuildPhase;
			buildActionMask = 2147483647;
			files = (
			);
			runOnlyForDeploymentPostprocessing = 0;
		};
		DA9682CC2375AF0400A03A3C /* Resources */ = {
			isa = PBXResourcesBuildPhase;
			buildActionMask = 2147483647;
			files = (
			);
			runOnlyForDeploymentPostprocessing = 0;
		};
/* End PBXResourcesBuildPhase section */

/* Begin PBXSourcesBuildPhase section */
		DA9682A72375AF0300A03A3C /* Sources */ = {
			isa = PBXSourcesBuildPhase;
			buildActionMask = 2147483647;
			files = (
				DA9682E42375B0CB00A03A3C /* NewsModel.swift in Sources */,
				DAAEFF632376BBC7001A5F03 /* ConsolidationViewModel.swift in Sources */,
				DAAEFF652376BBFF001A5F03 /* ConsolidationView.swift in Sources */,
				DA9682B12375AF0300A03A3C /* ContentView.swift in Sources */,
				DAAEFF6723778322001A5F03 /* OpeningView.swift in Sources */,
				DAAEFF612376BAE8001A5F03 /* NewsForClassificationView.swift in Sources */,
				DA9682E62375B0D600A03A3C /* SentenceModel.swift in Sources */,
				DA9682AF2375AF0300A03A3C /* AppDelegate.swift in Sources */,
				DA9682B42375AF0300A03A3C /* StartseNewsClassifier4Mac.xcdatamodeld in Sources */,
				DA9682EA2375B15300A03A3C /* SentenceViewModel.swift in Sources */,
			);
			runOnlyForDeploymentPostprocessing = 0;
		};
		DA9682BF2375AF0400A03A3C /* Sources */ = {
			isa = PBXSourcesBuildPhase;
			buildActionMask = 2147483647;
			files = (
				DA9682C82375AF0400A03A3C /* StartseNewsClassifier4MacTests.swift in Sources */,
			);
			runOnlyForDeploymentPostprocessing = 0;
		};
		DA9682CA2375AF0400A03A3C /* Sources */ = {
			isa = PBXSourcesBuildPhase;
			buildActionMask = 2147483647;
			files = (
				DA9682D32375AF0400A03A3C /* StartseNewsClassifier4MacUITests.swift in Sources */,
			);
			runOnlyForDeploymentPostprocessing = 0;
		};
/* End PBXSourcesBuildPhase section */

/* Begin PBXTargetDependency section */
		DA9682C52375AF0400A03A3C /* PBXTargetDependency */ = {
			isa = PBXTargetDependency;
			target = DA9682AA2375AF0300A03A3C /* StartseNewsClassifier4Mac */;
			targetProxy = DA9682C42375AF0400A03A3C /* PBXContainerItemProxy */;
		};
		DA9682D02375AF0400A03A3C /* PBXTargetDependency */ = {
			isa = PBXTargetDependency;
			target = DA9682AA2375AF0300A03A3C /* StartseNewsClassifier4Mac */;
			targetProxy = DA9682CF2375AF0400A03A3C /* PBXContainerItemProxy */;
		};
/* End PBXTargetDependency section */

/* Begin PBXVariantGroup section */
		DA9682BA2375AF0400A03A3C /* Main.storyboard */ = {
			isa = PBXVariantGroup;
			children = (
				DA9682BB2375AF0400A03A3C /* Base */,
			);
			name = Main.storyboard;
			sourceTree = "<group>";
		};
/* End PBXVariantGroup section */

/* Begin XCBuildConfiguration section */
		DA9682D52375AF0400A03A3C /* Debug */ = {
			isa = XCBuildConfiguration;
			buildSettings = {
				ALWAYS_SEARCH_USER_PATHS = NO;
				CLANG_ANALYZER_NONNULL = YES;
				CLANG_ANALYZER_NUMBER_OBJECT_CONVERSION = YES_AGGRESSIVE;
				CLANG_CXX_LANGUAGE_STANDARD = "gnu++14";
				CLANG_CXX_LIBRARY = "libc++";
				CLANG_ENABLE_MODULES = YES;
				CLANG_ENABLE_OBJC_ARC = YES;
				CLANG_ENABLE_OBJC_WEAK = YES;
				CLANG_WARN_BLOCK_CAPTURE_AUTORELEASING = YES;
				CLANG_WARN_BOOL_CONVERSION = YES;
				CLANG_WARN_COMMA = YES;
				CLANG_WARN_CONSTANT_CONVERSION = YES;
				CLANG_WARN_DEPRECATED_OBJC_IMPLEMENTATIONS = YES;
				CLANG_WARN_DIRECT_OBJC_ISA_USAGE = YES_ERROR;
				CLANG_WARN_DOCUMENTATION_COMMENTS = YES;
				CLANG_WARN_EMPTY_BODY = YES;
				CLANG_WARN_ENUM_CONVERSION = YES;
				CLANG_WARN_INFINITE_RECURSION = YES;
				CLANG_WARN_INT_CONVERSION = YES;
				CLANG_WARN_NON_LITERAL_NULL_CONVERSION = YES;
				CLANG_WARN_OBJC_IMPLICIT_RETAIN_SELF = YES;
				CLANG_WARN_OBJC_LITERAL_CONVERSION = YES;
				CLANG_WARN_OBJC_ROOT_CLASS = YES_ERROR;
				CLANG_WARN_RANGE_LOOP_ANALYSIS = YES;
				CLANG_WARN_STRICT_PROTOTYPES = YES;
				CLANG_WARN_SUSPICIOUS_MOVE = YES;
				CLANG_WARN_UNGUARDED_AVAILABILITY = YES_AGGRESSIVE;
				CLANG_WARN_UNREACHABLE_CODE = YES;
				CLANG_WARN__DUPLICATE_METHOD_MATCH = YES;
				COPY_PHASE_STRIP = NO;
				DEBUG_INFORMATION_FORMAT = dwarf;
				ENABLE_STRICT_OBJC_MSGSEND = YES;
				ENABLE_TESTABILITY = YES;
				GCC_C_LANGUAGE_STANDARD = gnu11;
				GCC_DYNAMIC_NO_PIC = NO;
				GCC_NO_COMMON_BLOCKS = YES;
				GCC_OPTIMIZATION_LEVEL = 0;
				GCC_PREPROCESSOR_DEFINITIONS = (
					"DEBUG=1",
					"$(inherited)",
				);
				GCC_WARN_64_TO_32_BIT_CONVERSION = YES;
				GCC_WARN_ABOUT_RETURN_TYPE = YES_ERROR;
				GCC_WARN_UNDECLARED_SELECTOR = YES;
				GCC_WARN_UNINITIALIZED_AUTOS = YES_AGGRESSIVE;
				GCC_WARN_UNUSED_FUNCTION = YES;
				GCC_WARN_UNUSED_VARIABLE = YES;
				MACOSX_DEPLOYMENT_TARGET = 10.15;
				MTL_ENABLE_DEBUG_INFO = INCLUDE_SOURCE;
				MTL_FAST_MATH = YES;
				ONLY_ACTIVE_ARCH = YES;
				SDKROOT = macosx;
				SWIFT_ACTIVE_COMPILATION_CONDITIONS = DEBUG;
				SWIFT_OPTIMIZATION_LEVEL = "-Onone";
			};
			name = Debug;
		};
		DA9682D62375AF0400A03A3C /* Release */ = {
			isa = XCBuildConfiguration;
			buildSettings = {
				ALWAYS_SEARCH_USER_PATHS = NO;
				CLANG_ANALYZER_NONNULL = YES;
				CLANG_ANALYZER_NUMBER_OBJECT_CONVERSION = YES_AGGRESSIVE;
				CLANG_CXX_LANGUAGE_STANDARD = "gnu++14";
				CLANG_CXX_LIBRARY = "libc++";
				CLANG_ENABLE_MODULES = YES;
				CLANG_ENABLE_OBJC_ARC = YES;
				CLANG_ENABLE_OBJC_WEAK = YES;
				CLANG_WARN_BLOCK_CAPTURE_AUTORELEASING = YES;
				CLANG_WARN_BOOL_CONVERSION = YES;
				CLANG_WARN_COMMA = YES;
				CLANG_WARN_CONSTANT_CONVERSION = YES;
				CLANG_WARN_DEPRECATED_OBJC_IMPLEMENTATIONS = YES;
				CLANG_WARN_DIRECT_OBJC_ISA_USAGE = YES_ERROR;
				CLANG_WARN_DOCUMENTATION_COMMENTS = YES;
				CLANG_WARN_EMPTY_BODY = YES;
				CLANG_WARN_ENUM_CONVERSION = YES;
				CLANG_WARN_INFINITE_RECURSION = YES;
				CLANG_WARN_INT_CONVERSION = YES;
				CLANG_WARN_NON_LITERAL_NULL_CONVERSION = YES;
				CLANG_WARN_OBJC_IMPLICIT_RETAIN_SELF = YES;
				CLANG_WARN_OBJC_LITERAL_CONVERSION = YES;
				CLANG_WARN_OBJC_ROOT_CLASS = YES_ERROR;
				CLANG_WARN_RANGE_LOOP_ANALYSIS = YES;
				CLANG_WARN_STRICT_PROTOTYPES = YES;
				CLANG_WARN_SUSPICIOUS_MOVE = YES;
				CLANG_WARN_UNGUARDED_AVAILABILITY = YES_AGGRESSIVE;
				CLANG_WARN_UNREACHABLE_CODE = YES;
				CLANG_WARN__DUPLICATE_METHOD_MATCH = YES;
				COPY_PHASE_STRIP = NO;
				DEBUG_INFORMATION_FORMAT = "dwarf-with-dsym";
				ENABLE_NS_ASSERTIONS = NO;
				ENABLE_STRICT_OBJC_MSGSEND = YES;
				GCC_C_LANGUAGE_STANDARD = gnu11;
				GCC_NO_COMMON_BLOCKS = YES;
				GCC_WARN_64_TO_32_BIT_CONVERSION = YES;
				GCC_WARN_ABOUT_RETURN_TYPE = YES_ERROR;
				GCC_WARN_UNDECLARED_SELECTOR = YES;
				GCC_WARN_UNINITIALIZED_AUTOS = YES_AGGRESSIVE;
				GCC_WARN_UNUSED_FUNCTION = YES;
				GCC_WARN_UNUSED_VARIABLE = YES;
				MACOSX_DEPLOYMENT_TARGET = 10.15;
				MTL_ENABLE_DEBUG_INFO = NO;
				MTL_FAST_MATH = YES;
				SDKROOT = macosx;
				SWIFT_COMPILATION_MODE = wholemodule;
				SWIFT_OPTIMIZATION_LEVEL = "-O";
			};
			name = Release;
		};
		DA9682D82375AF0400A03A3C /* Debug */ = {
			isa = XCBuildConfiguration;
			buildSettings = {
				ASSETCATALOG_COMPILER_APPICON_NAME = AppIcon;
				CODE_SIGN_ENTITLEMENTS = StartseNewsClassifier4Mac/StartseNewsClassifier4Mac.entitlements;
				CODE_SIGN_STYLE = Automatic;
				COMBINE_HIDPI_IMAGES = YES;
				DEVELOPMENT_ASSET_PATHS = "\"StartseNewsClassifier4Mac/Preview Content\"";
				DEVELOPMENT_TEAM = W9776K89F4;
				ENABLE_HARDENED_RUNTIME = YES;
				ENABLE_PREVIEWS = YES;
				INFOPLIST_FILE = StartseNewsClassifier4Mac/Info.plist;
				LD_RUNPATH_SEARCH_PATHS = (
					"$(inherited)",
					"@executable_path/../Frameworks",
				);
				MACOSX_DEPLOYMENT_TARGET = 10.15;
				PRODUCT_BUNDLE_IDENTIFIER = UFPE.StartseNewsClassifier4Mac;
				PRODUCT_NAME = "$(TARGET_NAME)";
				SWIFT_VERSION = 5.0;
			};
			name = Debug;
		};
		DA9682D92375AF0400A03A3C /* Release */ = {
			isa = XCBuildConfiguration;
			buildSettings = {
				ASSETCATALOG_COMPILER_APPICON_NAME = AppIcon;
				CODE_SIGN_ENTITLEMENTS = StartseNewsClassifier4Mac/StartseNewsClassifier4Mac.entitlements;
				CODE_SIGN_STYLE = Automatic;
				COMBINE_HIDPI_IMAGES = YES;
				DEVELOPMENT_ASSET_PATHS = "\"StartseNewsClassifier4Mac/Preview Content\"";
				DEVELOPMENT_TEAM = W9776K89F4;
				ENABLE_HARDENED_RUNTIME = YES;
				ENABLE_PREVIEWS = YES;
				INFOPLIST_FILE = StartseNewsClassifier4Mac/Info.plist;
				LD_RUNPATH_SEARCH_PATHS = (
					"$(inherited)",
					"@executable_path/../Frameworks",
				);
				MACOSX_DEPLOYMENT_TARGET = 10.15;
				PRODUCT_BUNDLE_IDENTIFIER = UFPE.StartseNewsClassifier4Mac;
				PRODUCT_NAME = "$(TARGET_NAME)";
				SWIFT_VERSION = 5.0;
			};
			name = Release;
		};
		DA9682DB2375AF0400A03A3C /* Debug */ = {
			isa = XCBuildConfiguration;
			buildSettings = {
				ALWAYS_EMBED_SWIFT_STANDARD_LIBRARIES = YES;
				BUNDLE_LOADER = "$(TEST_HOST)";
				CODE_SIGN_STYLE = Automatic;
				COMBINE_HIDPI_IMAGES = YES;
				DEVELOPMENT_TEAM = W9776K89F4;
				INFOPLIST_FILE = StartseNewsClassifier4MacTests/Info.plist;
				LD_RUNPATH_SEARCH_PATHS = (
					"$(inherited)",
					"@executable_path/../Frameworks",
					"@loader_path/../Frameworks",
				);
				MACOSX_DEPLOYMENT_TARGET = 10.15;
				PRODUCT_BUNDLE_IDENTIFIER = UFPE.StartseNewsClassifier4MacTests;
				PRODUCT_NAME = "$(TARGET_NAME)";
				SWIFT_VERSION = 5.0;
				TEST_HOST = "$(BUILT_PRODUCTS_DIR)/StartseNewsClassifier4Mac.app/Contents/MacOS/StartseNewsClassifier4Mac";
			};
			name = Debug;
		};
		DA9682DC2375AF0400A03A3C /* Release */ = {
			isa = XCBuildConfiguration;
			buildSettings = {
				ALWAYS_EMBED_SWIFT_STANDARD_LIBRARIES = YES;
				BUNDLE_LOADER = "$(TEST_HOST)";
				CODE_SIGN_STYLE = Automatic;
				COMBINE_HIDPI_IMAGES = YES;
				DEVELOPMENT_TEAM = W9776K89F4;
				INFOPLIST_FILE = StartseNewsClassifier4MacTests/Info.plist;
				LD_RUNPATH_SEARCH_PATHS = (
					"$(inherited)",
					"@executable_path/../Frameworks",
					"@loader_path/../Frameworks",
				);
				MACOSX_DEPLOYMENT_TARGET = 10.15;
				PRODUCT_BUNDLE_IDENTIFIER = UFPE.StartseNewsClassifier4MacTests;
				PRODUCT_NAME = "$(TARGET_NAME)";
				SWIFT_VERSION = 5.0;
				TEST_HOST = "$(BUILT_PRODUCTS_DIR)/StartseNewsClassifier4Mac.app/Contents/MacOS/StartseNewsClassifier4Mac";
			};
			name = Release;
		};
		DA9682DE2375AF0400A03A3C /* Debug */ = {
			isa = XCBuildConfiguration;
			buildSettings = {
				ALWAYS_EMBED_SWIFT_STANDARD_LIBRARIES = YES;
				CODE_SIGN_STYLE = Automatic;
				COMBINE_HIDPI_IMAGES = YES;
				DEVELOPMENT_TEAM = W9776K89F4;
				INFOPLIST_FILE = StartseNewsClassifier4MacUITests/Info.plist;
				LD_RUNPATH_SEARCH_PATHS = (
					"$(inherited)",
					"@executable_path/../Frameworks",
					"@loader_path/../Frameworks",
				);
				PRODUCT_BUNDLE_IDENTIFIER = UFPE.StartseNewsClassifier4MacUITests;
				PRODUCT_NAME = "$(TARGET_NAME)";
				SWIFT_VERSION = 5.0;
				TEST_TARGET_NAME = StartseNewsClassifier4Mac;
			};
			name = Debug;
		};
		DA9682DF2375AF0400A03A3C /* Release */ = {
			isa = XCBuildConfiguration;
			buildSettings = {
				ALWAYS_EMBED_SWIFT_STANDARD_LIBRARIES = YES;
				CODE_SIGN_STYLE = Automatic;
				COMBINE_HIDPI_IMAGES = YES;
				DEVELOPMENT_TEAM = W9776K89F4;
				INFOPLIST_FILE = StartseNewsClassifier4MacUITests/Info.plist;
				LD_RUNPATH_SEARCH_PATHS = (
					"$(inherited)",
					"@executable_path/../Frameworks",
					"@loader_path/../Frameworks",
				);
				PRODUCT_BUNDLE_IDENTIFIER = UFPE.StartseNewsClassifier4MacUITests;
				PRODUCT_NAME = "$(TARGET_NAME)";
				SWIFT_VERSION = 5.0;
				TEST_TARGET_NAME = StartseNewsClassifier4Mac;
			};
			name = Release;
		};
/* End XCBuildConfiguration section */

/* Begin XCConfigurationList section */
		DA9682A62375AF0300A03A3C /* Build configuration list for PBXProject "StartseNewsClassifier4Mac" */ = {
			isa = XCConfigurationList;
			buildConfigurations = (
				DA9682D52375AF0400A03A3C /* Debug */,
				DA9682D62375AF0400A03A3C /* Release */,
			);
			defaultConfigurationIsVisible = 0;
			defaultConfigurationName = Release;
		};
		DA9682D72375AF0400A03A3C /* Build configuration list for PBXNativeTarget "StartseNewsClassifier4Mac" */ = {
			isa = XCConfigurationList;
			buildConfigurations = (
				DA9682D82375AF0400A03A3C /* Debug */,
				DA9682D92375AF0400A03A3C /* Release */,
			);
			defaultConfigurationIsVisible = 0;
			defaultConfigurationName = Release;
		};
		DA9682DA2375AF0400A03A3C /* Build configuration list for PBXNativeTarget "StartseNewsClassifier4MacTests" */ = {
			isa = XCConfigurationList;
			buildConfigurations = (
				DA9682DB2375AF0400A03A3C /* Debug */,
				DA9682DC2375AF0400A03A3C /* Release */,
			);
			defaultConfigurationIsVisible = 0;
			defaultConfigurationName = Release;
		};
		DA9682DD2375AF0400A03A3C /* Build configuration list for PBXNativeTarget "StartseNewsClassifier4MacUITests" */ = {
			isa = XCConfigurationList;
			buildConfigurations = (
				DA9682DE2375AF0400A03A3C /* Debug */,
				DA9682DF2375AF0400A03A3C /* Release */,
			);
			defaultConfigurationIsVisible = 0;
			defaultConfigurationName = Release;
		};
/* End XCConfigurationList section */

/* Begin XCVersionGroup section */
		DA9682B22375AF0300A03A3C /* StartseNewsClassifier4Mac.xcdatamodeld */ = {
			isa = XCVersionGroup;
			children = (
				DA9682B32375AF0300A03A3C /* StartseNewsClassifier4Mac.xcdatamodel */,
			);
			currentVersion = DA9682B32375AF0300A03A3C /* StartseNewsClassifier4Mac.xcdatamodel */;
			path = StartseNewsClassifier4Mac.xcdatamodeld;
			sourceTree = "<group>";
			versionGroupType = wrapper.xcdatamodel;
		};
/* End XCVersionGroup section */
	};
	rootObject = DA9682A32375AF0300A03A3C /* Project object */;
}
